
Microsoft Visual Studio Solution File, Format Version 12.00
# Visual Studio Version 17
VisualStudioVersion = 17.2.32616.157
MinimumVisualStudioVersion = 10.0.40219.1
Project("{FAE04EC0-301F-11D3-BF4B-00C04F79EFBC}") = "blazor.wasm.Server", "blazor.wasm\Server\blazor.wasm.Server.csproj", "{00270CCA-D5B6-430A-B758-EE0C75024964}"
EndProject
Project("{FAE04EC0-301F-11D3-BF4B-00C04F79EFBC}") = "blazor.wasm.Client", "blazor.wasm\Client\blazor.wasm.Client.csproj", "{F1307171-F3CC-4F2B-84D3-9A2BE9FE32C7}"
EndProject
Project("{FAE04EC0-301F-11D3-BF4B-00C04F79EFBC}") = "blazor.wasm.Shared", "blazor.wasm\Shared\blazor.wasm.Shared.csproj", "{CF727C8C-78EC-409C-8E3B-AEB0FA2AE073}"
EndProject
Global
	GlobalSection(SolutionConfigurationPlatforms) = preSolution
		Debug|Any CPU = Debug|Any CPU
		Release|Any CPU = Release|Any CPU
	EndGlobalSection
	GlobalSection(ProjectConfigurationPlatforms) = postSolution
		{00270CCA-D5B6-430A-B758-EE0C75024964}.Debug|Any CPU.ActiveCfg = Debug|Any CPU
		{00270CCA-D5B6-430A-B758-EE0C75024964}.Debug|Any CPU.Build.0 = Debug|Any CPU
		{00270CCA-D5B6-430A-B758-EE0C75024964}.Release|Any CPU.ActiveCfg = Release|Any CPU
		{00270CCA-D5B6-430A-B758-EE0C75024964}.Release|Any CPU.Build.0 = Release|Any CPU
		{F1307171-F3CC-4F2B-84D3-9A2BE9FE32C7}.Debug|Any CPU.ActiveCfg = Debug|Any CPU
		{F1307171-F3CC-4F2B-84D3-9A2BE9FE32C7}.Debug|Any CPU.Build.0 = Debug|Any CPU
		{F1307171-F3CC-4F2B-84D3-9A2BE9FE32C7}.Release|Any CPU.ActiveCfg = Release|Any CPU
		{F1307171-F3CC-4F2B-84D3-9A2BE9FE32C7}.Release|Any CPU.Build.0 = Release|Any CPU
		{CF727C8C-78EC-409C-8E3B-AEB0FA2AE073}.Debug|Any CPU.ActiveCfg = Debug|Any CPU
		{CF727C8C-78EC-409C-8E3B-AEB0FA2AE073}.Debug|Any CPU.Build.0 = Debug|Any CPU
		{CF727C8C-78EC-409C-8E3B-AEB0FA2AE073}.Release|Any CPU.ActiveCfg = Release|Any CPU
		{CF727C8C-78EC-409C-8E3B-AEB0FA2AE073}.Release|Any CPU.Build.0 = Release|Any CPU
	EndGlobalSection
	GlobalSection(SolutionProperties) = preSolution
		HideSolutionNode = FALSE
	EndGlobalSection
	GlobalSection(ExtensibilityGlobals) = postSolution
		SolutionGuid = {1529CDB3-52BB-4D18-B35E-2DAC31042DEB}
	EndGlobalSection
EndGlobal
